
Microsoft Visual Studio Solution File, Format Version 12.00
# Visual Studio Version 17
VisualStudioVersion = 17.14.36414.22 d17.14
MinimumVisualStudioVersion = 10.0.40219.1
Project("{FAE04EC0-301F-11D3-BF4B-00C04F79EFBC}") = "WinFormsApp1", "WinFormsApp1.csproj", "{797BAE43-2473-48E9-9504-3F1820B4DE46}"
EndProject
Global
	GlobalSection(SolutionConfigurationPlatforms) = preSolution
		Debug|Any CPU = Debug|Any CPU
		Release|Any CPU = Release|Any CPU
	EndGlobalSection
	GlobalSection(ProjectConfigurationPlatforms) = postSolution
		{797BAE43-2473-48E9-9504-3F1820B4DE46}.Debug|Any CPU.ActiveCfg = Debug|Any CPU
		{797BAE43-2473-48E9-9504-3F1820B4DE46}.Debug|Any CPU.Build.0 = Debug|Any CPU
		{797BAE43-2473-48E9-9504-3F1820B4DE46}.Release|Any CPU.ActiveCfg = Release|Any CPU
		{797BAE43-2473-48E9-9504-3F1820B4DE46}.Release|Any CPU.Build.0 = Release|Any CPU
	EndGlobalSection
	GlobalSection(SolutionProperties) = preSolution
		HideSolutionNode = FALSE
	EndGlobalSection
	GlobalSection(ExtensibilityGlobals) = postSolution
		SolutionGuid = {56055277-7AB6-4102-9B64-7FB7AD9DADCD}
	EndGlobalSection
EndGlobal
